
Microsoft Visual Studio Solution File, Format Version 12.00
# Visual Studio Version 16
VisualStudioVersion = 16.0.29521.150
MinimumVisualStudioVersion = 10.0.40219.1
Project("{9A19103F-16F7-4668-BE54-9A1E7A4F7556}") = "Blazor.Test.Components", "Blazor.Test.Components\Blazor.Test.Components.csproj", "{5D6FD173-4485-4640-9B6A-F88A14F2BE78}"
EndProject
Project("{9A19103F-16F7-4668-BE54-9A1E7A4F7556}") = "Blazor.Drawables", "Blazor.Drawables\Blazor.Drawables.csproj", "{B1DE7AF0-2B7F-4A3C-A73A-3A01FDF4BD49}"
EndProject
Global
	GlobalSection(SolutionConfigurationPlatforms) = preSolution
		Debug|Any CPU = Debug|Any CPU
		Release|Any CPU = Release|Any CPU
	EndGlobalSection
	GlobalSection(ProjectConfigurationPlatforms) = postSolution
		{5D6FD173-4485-4640-9B6A-F88A14F2BE78}.Debug|Any CPU.ActiveCfg = Debug|Any CPU
		{5D6FD173-4485-4640-9B6A-F88A14F2BE78}.Debug|Any CPU.Build.0 = Debug|Any CPU
		{5D6FD173-4485-4640-9B6A-F88A14F2BE78}.Release|Any CPU.ActiveCfg = Release|Any CPU
		{5D6FD173-4485-4640-9B6A-F88A14F2BE78}.Release|Any CPU.Build.0 = Release|Any CPU
		{B1DE7AF0-2B7F-4A3C-A73A-3A01FDF4BD49}.Debug|Any CPU.ActiveCfg = Debug|Any CPU
		{B1DE7AF0-2B7F-4A3C-A73A-3A01FDF4BD49}.Debug|Any CPU.Build.0 = Debug|Any CPU
		{B1DE7AF0-2B7F-4A3C-A73A-3A01FDF4BD49}.Release|Any CPU.ActiveCfg = Release|Any CPU
		{B1DE7AF0-2B7F-4A3C-A73A-3A01FDF4BD49}.Release|Any CPU.Build.0 = Release|Any CPU
	EndGlobalSection
	GlobalSection(SolutionProperties) = preSolution
		HideSolutionNode = FALSE
	EndGlobalSection
	GlobalSection(ExtensibilityGlobals) = postSolution
		SolutionGuid = {D62ED106-9370-4818-B9A3-59631B2D53FE}
	EndGlobalSection
EndGlobal
